{"filter":false,"title":"Gemfile.lock","tooltip":"/meshiterro/Gemfile.lock","undoManager":{"mark":-1,"position":-1,"stack":[]},"ace":{"folds":[],"scrolltop":0,"scrollleft":0,"selection":{"start":{"row":0,"column":0},"end":{"row":0,"column":0},"isBackwards":false},"options":{"guessTabSize":true,"useWrapMode":false,"wrapToView":true},"firstLineState":0},"timestamp":1671493214484,"hash":"beda452d85a1e9e4575df9c9a4061dccac638905"}